
Microsoft Visual Studio Solution File, Format Version 12.00
# Visual Studio Version 17
VisualStudioVersion = 17.5.33516.290
MinimumVisualStudioVersion = 10.0.40219.1
Project("{FAE04EC0-301F-11D3-BF4B-00C04F79EFBC}") = "Proje_Hastane", "Proje_Hastane\Proje_Hastane.csproj", "{011863AB-5BF9-4681-A6C7-073806495201}"
EndProject
Global
	GlobalSection(SolutionConfigurationPlatforms) = preSolution
		Debug|Any CPU = Debug|Any CPU
		Release|Any CPU = Release|Any CPU
	EndGlobalSection
	GlobalSection(ProjectConfigurationPlatforms) = postSolution
		{011863AB-5BF9-4681-A6C7-073806495201}.Debug|Any CPU.ActiveCfg = Debug|Any CPU
		{011863AB-5BF9-4681-A6C7-073806495201}.Debug|Any CPU.Build.0 = Debug|Any CPU
		{011863AB-5BF9-4681-A6C7-073806495201}.Release|Any CPU.ActiveCfg = Release|Any CPU
		{011863AB-5BF9-4681-A6C7-073806495201}.Release|Any CPU.Build.0 = Release|Any CPU
	EndGlobalSection
	GlobalSection(SolutionProperties) = preSolution
		HideSolutionNode = FALSE
	EndGlobalSection
	GlobalSection(ExtensibilityGlobals) = postSolution
		SolutionGuid = {AE1B65CB-7131-4D64-BFC6-10F3F707E2FF}
	EndGlobalSection
EndGlobal
